{
  "name": "pursuitjobsboard",
  "version": "1.0.0",
  "lockfileVersion": 1,
  "requires": true,
  "dependencies": {
    "typeface-poppins": {
      "version": "0.0.72",
      "resolved": "https://registry.npmjs.org/typeface-poppins/-/typeface-poppins-0.0.72.tgz",
      "integrity": "sha512-FgzdU4XfGYc4aTq6WZD9FC+le4Foz6cyzjdjDvVnQePTQSUD0dkrXiVaTK/cyNVXQrEl2ykV39PxeKeFqqkrTA=="
    }
  }
}
